
Microsoft Visual Studio Solution File, Format Version 12.00
# Visual Studio 15
VisualStudioVersion = 15.0.27130.2036
MinimumVisualStudioVersion = 10.0.40219.1
Project("{FAE04EC0-301F-11D3-BF4B-00C04F79EFBC}") = "LegendsPrototype", "LegendsPrototype\LegendsPrototype.csproj", "{6A9366AD-BEFE-4D88-B84A-A95F76EA4A95}"
EndProject
Project("{FAE04EC0-301F-11D3-BF4B-00C04F79EFBC}") = "LegendsSimTest", "LegendsSimTest\LegendsSimTest.csproj", "{73618EE8-B540-4253-A147-A3D6E85F3012}"
EndProject
Global
	GlobalSection(SolutionConfigurationPlatforms) = preSolution
		Debug|Any CPU = Debug|Any CPU
		Release|Any CPU = Release|Any CPU
	EndGlobalSection
	GlobalSection(ProjectConfigurationPlatforms) = postSolution
		{6A9366AD-BEFE-4D88-B84A-A95F76EA4A95}.Debug|Any CPU.ActiveCfg = Debug|Any CPU
		{6A9366AD-BEFE-4D88-B84A-A95F76EA4A95}.Debug|Any CPU.Build.0 = Debug|Any CPU
		{6A9366AD-BEFE-4D88-B84A-A95F76EA4A95}.Release|Any CPU.ActiveCfg = Release|Any CPU
		{6A9366AD-BEFE-4D88-B84A-A95F76EA4A95}.Release|Any CPU.Build.0 = Release|Any CPU
		{73618EE8-B540-4253-A147-A3D6E85F3012}.Debug|Any CPU.ActiveCfg = Debug|Any CPU
		{73618EE8-B540-4253-A147-A3D6E85F3012}.Debug|Any CPU.Build.0 = Debug|Any CPU
		{73618EE8-B540-4253-A147-A3D6E85F3012}.Release|Any CPU.ActiveCfg = Release|Any CPU
		{73618EE8-B540-4253-A147-A3D6E85F3012}.Release|Any CPU.Build.0 = Release|Any CPU
	EndGlobalSection
	GlobalSection(SolutionProperties) = preSolution
		HideSolutionNode = FALSE
	EndGlobalSection
	GlobalSection(ExtensibilityGlobals) = postSolution
		SolutionGuid = {726C3316-100F-4816-8FB5-8797A8979F08}
	EndGlobalSection
EndGlobal
